
Microsoft Visual Studio Solution File, Format Version 12.00
# Visual Studio 15
VisualStudioVersion = 15.0.28307.489
MinimumVisualStudioVersion = 10.0.40219.1
Project("{FAE04EC0-301F-11D3-BF4B-00C04F79EFBC}") = "RealEstateManager", "RealEstateManager\RealEstateManager.csproj", "{2B492B6F-BBD7-4179-8D98-CAE1DFEAA88D}"
EndProject
Project("{FAE04EC0-301F-11D3-BF4B-00C04F79EFBC}") = "RealEstateManager.DataAccess", "RealEstatManager.DataAccess\RealEstateManager.DataAccess.csproj", "{EE06BCEB-896A-43AB-9EAB-58B76D72D287}"
EndProject
Project("{FAE04EC0-301F-11D3-BF4B-00C04F79EFBC}") = "RealEstateManager.Database", "RealEstateManager.Database\RealEstateManager.Database.csproj", "{FF1F3DBE-8E9B-4995-B4A5-DCDCC7B0CC6F}"
EndProject
Project("{FAE04EC0-301F-11D3-BF4B-00C04F79EFBC}") = "RealEstateManager.Types", "RealEstateManager.Types\RealEstateManager.Types.csproj", "{B1D5E79A-9EF5-4060-8AB7-5080BC8729BF}"
EndProject
Project("{FAE04EC0-301F-11D3-BF4B-00C04F79EFBC}") = "RealEstateManager.Utilities", "RealEstateManager.Utilities\RealEstateManager.Utilities.csproj", "{D76A0728-3545-46B7-953D-44D4CBCC5428}"
EndProject
Global
	GlobalSection(SolutionConfigurationPlatforms) = preSolution
		Debug|Any CPU = Debug|Any CPU
		Release|Any CPU = Release|Any CPU
	EndGlobalSection
	GlobalSection(ProjectConfigurationPlatforms) = postSolution
		{2B492B6F-BBD7-4179-8D98-CAE1DFEAA88D}.Debug|Any CPU.ActiveCfg = Debug|Any CPU
		{2B492B6F-BBD7-4179-8D98-CAE1DFEAA88D}.Debug|Any CPU.Build.0 = Debug|Any CPU
		{2B492B6F-BBD7-4179-8D98-CAE1DFEAA88D}.Release|Any CPU.ActiveCfg = Release|Any CPU
		{2B492B6F-BBD7-4179-8D98-CAE1DFEAA88D}.Release|Any CPU.Build.0 = Release|Any CPU
		{EE06BCEB-896A-43AB-9EAB-58B76D72D287}.Debug|Any CPU.ActiveCfg = Debug|Any CPU
		{EE06BCEB-896A-43AB-9EAB-58B76D72D287}.Debug|Any CPU.Build.0 = Debug|Any CPU
		{EE06BCEB-896A-43AB-9EAB-58B76D72D287}.Release|Any CPU.ActiveCfg = Release|Any CPU
		{EE06BCEB-896A-43AB-9EAB-58B76D72D287}.Release|Any CPU.Build.0 = Release|Any CPU
		{FF1F3DBE-8E9B-4995-B4A5-DCDCC7B0CC6F}.Debug|Any CPU.ActiveCfg = Debug|Any CPU
		{FF1F3DBE-8E9B-4995-B4A5-DCDCC7B0CC6F}.Debug|Any CPU.Build.0 = Debug|Any CPU
		{FF1F3DBE-8E9B-4995-B4A5-DCDCC7B0CC6F}.Release|Any CPU.ActiveCfg = Release|Any CPU
		{FF1F3DBE-8E9B-4995-B4A5-DCDCC7B0CC6F}.Release|Any CPU.Build.0 = Release|Any CPU
		{B1D5E79A-9EF5-4060-8AB7-5080BC8729BF}.Debug|Any CPU.ActiveCfg = Debug|Any CPU
		{B1D5E79A-9EF5-4060-8AB7-5080BC8729BF}.Debug|Any CPU.Build.0 = Debug|Any CPU
		{B1D5E79A-9EF5-4060-8AB7-5080BC8729BF}.Release|Any CPU.ActiveCfg = Release|Any CPU
		{B1D5E79A-9EF5-4060-8AB7-5080BC8729BF}.Release|Any CPU.Build.0 = Release|Any CPU
		{D76A0728-3545-46B7-953D-44D4CBCC5428}.Debug|Any CPU.ActiveCfg = Debug|Any CPU
		{D76A0728-3545-46B7-953D-44D4CBCC5428}.Debug|Any CPU.Build.0 = Debug|Any CPU
		{D76A0728-3545-46B7-953D-44D4CBCC5428}.Release|Any CPU.ActiveCfg = Release|Any CPU
		{D76A0728-3545-46B7-953D-44D4CBCC5428}.Release|Any CPU.Build.0 = Release|Any CPU
	EndGlobalSection
	GlobalSection(SolutionProperties) = preSolution
		HideSolutionNode = FALSE
	EndGlobalSection
	GlobalSection(ExtensibilityGlobals) = postSolution
		SolutionGuid = {4E01641C-A1C0-49D3-A6F2-14A4363166F1}
	EndGlobalSection
EndGlobal
